
Microsoft Visual Studio Solution File, Format Version 12.00
# Visual Studio Version 16
VisualStudioVersion = 16.0.30413.136
MinimumVisualStudioVersion = 10.0.40219.1
Project("{FAE04EC0-301F-11D3-BF4B-00C04F79EFBC}") = "APP.API", "APP.API\APP.API.csproj", "{0396DFA9-805A-476E-ABC8-CCAF95357ED5}"
EndProject
Project("{FAE04EC0-301F-11D3-BF4B-00C04F79EFBC}") = "APP.CMS", "APP.CMS\APP.CMS.csproj", "{315078E5-BAC7-4DD8-92D8-B2E0C181EA09}"
EndProject
Project("{FAE04EC0-301F-11D3-BF4B-00C04F79EFBC}") = "APP.DATA", "APP.DATA\APP.DATA.csproj", "{2FF36339-0830-4935-8EB1-BFB472C1D7E6}"
EndProject
Project("{FAE04EC0-301F-11D3-BF4B-00C04F79EFBC}") = "APP.DependencyInjection", "APP.DependencyInjection\APP.DependencyInjection.csproj", "{7E64BAC8-0D86-4856-A1E6-BFE197EE2395}"
EndProject
Project("{FAE04EC0-301F-11D3-BF4B-00C04F79EFBC}") = "APP.MANAGER", "APP.MANAGER\APP.MANAGER.csproj", "{83F93296-BC14-4EC8-A10B-0DC1259B7F9C}"
EndProject
Project("{FAE04EC0-301F-11D3-BF4B-00C04F79EFBC}") = "APP.MODELS", "APP.MODELS\APP.MODELS.csproj", "{014CEF1A-7C62-4565-9A2B-B3CC0D4769DA}"
EndProject
Project("{FAE04EC0-301F-11D3-BF4B-00C04F79EFBC}") = "APP.REPOSITORY", "APP.REPOSITORY\APP.REPOSITORY.csproj", "{5E269788-B7C6-477C-BBF7-4B6C053E3F0C}"
EndProject
Project("{FAE04EC0-301F-11D3-BF4B-00C04F79EFBC}") = "APP.UTILS", "APP.UTILS\APP.UTILS.csproj", "{BBE43ED3-3568-4134-8822-0C68D3E373B0}"
EndProject
Project("{FAE04EC0-301F-11D3-BF4B-00C04F79EFBC}") = "APP.WEBSITE", "APP.WEBSITE\APP.WEBSITE.csproj", "{4D2E9919-661D-4BE9-83A5-0BAE8F3D368C}"
EndProject
Global
	GlobalSection(SolutionConfigurationPlatforms) = preSolution
		Debug|Any CPU = Debug|Any CPU
		Release|Any CPU = Release|Any CPU
	EndGlobalSection
	GlobalSection(ProjectConfigurationPlatforms) = postSolution
		{0396DFA9-805A-476E-ABC8-CCAF95357ED5}.Debug|Any CPU.ActiveCfg = Debug|Any CPU
		{0396DFA9-805A-476E-ABC8-CCAF95357ED5}.Debug|Any CPU.Build.0 = Debug|Any CPU
		{0396DFA9-805A-476E-ABC8-CCAF95357ED5}.Release|Any CPU.ActiveCfg = Release|Any CPU
		{0396DFA9-805A-476E-ABC8-CCAF95357ED5}.Release|Any CPU.Build.0 = Release|Any CPU
		{315078E5-BAC7-4DD8-92D8-B2E0C181EA09}.Debug|Any CPU.ActiveCfg = Debug|Any CPU
		{315078E5-BAC7-4DD8-92D8-B2E0C181EA09}.Debug|Any CPU.Build.0 = Debug|Any CPU
		{315078E5-BAC7-4DD8-92D8-B2E0C181EA09}.Release|Any CPU.ActiveCfg = Release|Any CPU
		{315078E5-BAC7-4DD8-92D8-B2E0C181EA09}.Release|Any CPU.Build.0 = Release|Any CPU
		{2FF36339-0830-4935-8EB1-BFB472C1D7E6}.Debug|Any CPU.ActiveCfg = Debug|Any CPU
		{2FF36339-0830-4935-8EB1-BFB472C1D7E6}.Debug|Any CPU.Build.0 = Debug|Any CPU
		{2FF36339-0830-4935-8EB1-BFB472C1D7E6}.Release|Any CPU.ActiveCfg = Release|Any CPU
		{2FF36339-0830-4935-8EB1-BFB472C1D7E6}.Release|Any CPU.Build.0 = Release|Any CPU
		{7E64BAC8-0D86-4856-A1E6-BFE197EE2395}.Debug|Any CPU.ActiveCfg = Debug|Any CPU
		{7E64BAC8-0D86-4856-A1E6-BFE197EE2395}.Debug|Any CPU.Build.0 = Debug|Any CPU
		{7E64BAC8-0D86-4856-A1E6-BFE197EE2395}.Release|Any CPU.ActiveCfg = Release|Any CPU
		{7E64BAC8-0D86-4856-A1E6-BFE197EE2395}.Release|Any CPU.Build.0 = Release|Any CPU
		{83F93296-BC14-4EC8-A10B-0DC1259B7F9C}.Debug|Any CPU.ActiveCfg = Debug|Any CPU
		{83F93296-BC14-4EC8-A10B-0DC1259B7F9C}.Debug|Any CPU.Build.0 = Debug|Any CPU
		{83F93296-BC14-4EC8-A10B-0DC1259B7F9C}.Release|Any CPU.ActiveCfg = Release|Any CPU
		{83F93296-BC14-4EC8-A10B-0DC1259B7F9C}.Release|Any CPU.Build.0 = Release|Any CPU
		{014CEF1A-7C62-4565-9A2B-B3CC0D4769DA}.Debug|Any CPU.ActiveCfg = Debug|Any CPU
		{014CEF1A-7C62-4565-9A2B-B3CC0D4769DA}.Debug|Any CPU.Build.0 = Debug|Any CPU
		{014CEF1A-7C62-4565-9A2B-B3CC0D4769DA}.Release|Any CPU.ActiveCfg = Release|Any CPU
		{014CEF1A-7C62-4565-9A2B-B3CC0D4769DA}.Release|Any CPU.Build.0 = Release|Any CPU
		{5E269788-B7C6-477C-BBF7-4B6C053E3F0C}.Debug|Any CPU.ActiveCfg = Debug|Any CPU
		{5E269788-B7C6-477C-BBF7-4B6C053E3F0C}.Debug|Any CPU.Build.0 = Debug|Any CPU
		{5E269788-B7C6-477C-BBF7-4B6C053E3F0C}.Release|Any CPU.ActiveCfg = Release|Any CPU
		{5E269788-B7C6-477C-BBF7-4B6C053E3F0C}.Release|Any CPU.Build.0 = Release|Any CPU
		{BBE43ED3-3568-4134-8822-0C68D3E373B0}.Debug|Any CPU.ActiveCfg = Debug|Any CPU
		{BBE43ED3-3568-4134-8822-0C68D3E373B0}.Debug|Any CPU.Build.0 = Debug|Any CPU
		{BBE43ED3-3568-4134-8822-0C68D3E373B0}.Release|Any CPU.ActiveCfg = Release|Any CPU
		{BBE43ED3-3568-4134-8822-0C68D3E373B0}.Release|Any CPU.Build.0 = Release|Any CPU
		{4D2E9919-661D-4BE9-83A5-0BAE8F3D368C}.Debug|Any CPU.ActiveCfg = Debug|Any CPU
		{4D2E9919-661D-4BE9-83A5-0BAE8F3D368C}.Debug|Any CPU.Build.0 = Debug|Any CPU
		{4D2E9919-661D-4BE9-83A5-0BAE8F3D368C}.Release|Any CPU.ActiveCfg = Release|Any CPU
		{4D2E9919-661D-4BE9-83A5-0BAE8F3D368C}.Release|Any CPU.Build.0 = Release|Any CPU
	EndGlobalSection
	GlobalSection(SolutionProperties) = preSolution
		HideSolutionNode = FALSE
	EndGlobalSection
	GlobalSection(ExtensibilityGlobals) = postSolution
		SolutionGuid = {DFE264CA-263E-4EAC-BB6C-53E6EB0B8190}
	EndGlobalSection
EndGlobal
